// !$*UTF8*$!
{
	archiveVersion = 1;
	classes = {
	};
	objectVersion = 52;
	objects = {

/* Begin PBXBuildFile section */
		EB5CFA5624704AB300FC155A /* AppDelegate.swift in Sources */ = {isa = PBXBuildFile; fileRef = EB5CFA5524704AB300FC155A /* AppDelegate.swift */; };
		EB5CFA5824704AB300FC155A /* SceneDelegate.swift in Sources */ = {isa = PBXBuildFile; fileRef = EB5CFA5724704AB300FC155A /* SceneDelegate.swift */; };
		EB5CFA5A24704AB300FC155A /* ContentView.swift in Sources */ = {isa = PBXBuildFile; fileRef = EB5CFA5924704AB300FC155A /* ContentView.swift */; };
		EB5CFA5C24704AB400FC155A /* Assets.xcassets in Resources */ = {isa = PBXBuildFile; fileRef = EB5CFA5B24704AB400FC155A /* Assets.xcassets */; };
		EB5CFA5F24704AB400FC155A /* Preview Assets.xcassets in Resources */ = {isa = PBXBuildFile; fileRef = EB5CFA5E24704AB400FC155A /* Preview Assets.xcassets */; };
		EB5CFA6224704AB400FC155A /* LaunchScreen.storyboard in Resources */ = {isa = PBXBuildFile; fileRef = EB5CFA6024704AB400FC155A /* LaunchScreen.storyboard */; };
		EB5CFA6D24704AB400FC155A /* PokedexTests.swift in Sources */ = {isa = PBXBuildFile; fileRef = EB5CFA6C24704AB400FC155A /* PokedexTests.swift */; };
		EB5CFA7824704AB400FC155A /* PokedexUITests.swift in Sources */ = {isa = PBXBuildFile; fileRef = EB5CFA7724704AB400FC155A /* PokedexUITests.swift */; };
		EB5CFA87247055C800FC155A /* URLImage in Frameworks */ = {isa = PBXBuildFile; productRef = EB5CFA86247055C800FC155A /* URLImage */; };
		EB5CFA8B24708CD200FC155A /* NetworkExtension.framework in Frameworks */ = {isa = PBXBuildFile; fileRef = EB5CFA8A24708CD200FC155A /* NetworkExtension.framework */; };
		EBC4B5932472195C00A40298 /* NationalDex.json in Resources */ = {isa = PBXBuildFile; fileRef = EBC4B5922472195C00A40298 /* NationalDex.json */; };
		EBC4B5972472211400A40298 /* Pokedex.json in Resources */ = {isa = PBXBuildFile; fileRef = EBC4B5962472211400A40298 /* Pokedex.json */; };
		EBEC67B72471C81B00958776 /* JSONStructs.swift in Sources */ = {isa = PBXBuildFile; fileRef = EBEC67B62471C81B00958776 /* JSONStructs.swift */; };
		EBEC67B92471C86200958776 /* PokedexView.swift in Sources */ = {isa = PBXBuildFile; fileRef = EBEC67B82471C86200958776 /* PokedexView.swift */; };
		EBEC67BB2471C8AB00958776 /* MovesView.swift in Sources */ = {isa = PBXBuildFile; fileRef = EBEC67BA2471C8AB00958776 /* MovesView.swift */; };
		EBEC67BD2471C8DE00958776 /* ItemsView.swift in Sources */ = {isa = PBXBuildFile; fileRef = EBEC67BC2471C8DE00958776 /* ItemsView.swift */; };
		EBEC67BF2471C90800958776 /* TypesView.swift in Sources */ = {isa = PBXBuildFile; fileRef = EBEC67BE2471C90800958776 /* TypesView.swift */; };
		EBEC67C22471C94D00958776 /* SearchBar.swift in Sources */ = {isa = PBXBuildFile; fileRef = EBEC67C12471C94D00958776 /* SearchBar.swift */; };
		EBEC67C42471C97B00958776 /* AnyGestureRecognizer.swift in Sources */ = {isa = PBXBuildFile; fileRef = EBEC67C32471C97B00958776 /* AnyGestureRecognizer.swift */; };
		EBEC67C62471CAE200958776 /* APIrequests.swift in Sources */ = {isa = PBXBuildFile; fileRef = EBEC67C52471CAE200958776 /* APIrequests.swift */; };
		EBEC67C82471CB0500958776 /* WebView.swift in Sources */ = {isa = PBXBuildFile; fileRef = EBEC67C72471CB0500958776 /* WebView.swift */; };
/* End PBXBuildFile section */

/* Begin PBXContainerItemProxy section */
		EB5CFA6924704AB400FC155A /* PBXContainerItemProxy */ = {
			isa = PBXContainerItemProxy;
			containerPortal = EB5CFA4A24704AB300FC155A /* Project object */;
			proxyType = 1;
			remoteGlobalIDString = EB5CFA5124704AB300FC155A;
			remoteInfo = Pokedex;
		};
		EB5CFA7424704AB400FC155A /* PBXContainerItemProxy */ = {
			isa = PBXContainerItemProxy;
			containerPortal = EB5CFA4A24704AB300FC155A /* Project object */;
			proxyType = 1;
			remoteGlobalIDString = EB5CFA5124704AB300FC155A;
			remoteInfo = Pokedex;
		};
/* End PBXContainerItemProxy section */

/* Begin PBXFileReference section */
		EB5CFA5224704AB300FC155A /* Pokedex.app */ = {isa = PBXFileReference; explicitFileType = wrapper.application; includeInIndex = 0; path = Pokedex.app; sourceTree = BUILT_PRODUCTS_DIR; };
		EB5CFA5524704AB300FC155A /* AppDelegate.swift */ = {isa = PBXFileReference; lastKnownFileType = sourcecode.swift; path = AppDelegate.swift; sourceTree = "<group>"; };
		EB5CFA5724704AB300FC155A /* SceneDelegate.swift */ = {isa = PBXFileReference; lastKnownFileType = sourcecode.swift; path = SceneDelegate.swift; sourceTree = "<group>"; };
		EB5CFA5924704AB300FC155A /* ContentView.swift */ = {isa = PBXFileReference; lastKnownFileType = sourcecode.swift; path = ContentView.swift; sourceTree = "<group>"; };
		EB5CFA5B24704AB400FC155A /* Assets.xcassets */ = {isa = PBXFileReference; lastKnownFileType = folder.assetcatalog; path = Assets.xcassets; sourceTree = "<group>"; };
		EB5CFA5E24704AB400FC155A /* Preview Assets.xcassets */ = {isa = PBXFileReference; lastKnownFileType = folder.assetcatalog; path = "Preview Assets.xcassets"; sourceTree = "<group>"; };
		EB5CFA6124704AB400FC155A /* Base */ = {isa = PBXFileReference; lastKnownFileType = file.storyboard; name = Base; path = Base.lproj/LaunchScreen.storyboard; sourceTree = "<group>"; };
		EB5CFA6324704AB400FC155A /* Info.plist */ = {isa = PBXFileReference; lastKnownFileType = text.plist.xml; path = Info.plist; sourceTree = "<group>"; };
		EB5CFA6824704AB400FC155A /* PokedexTests.xctest */ = {isa = PBXFileReference; explicitFileType = wrapper.cfbundle; includeInIndex = 0; path = PokedexTests.xctest; sourceTree = BUILT_PRODUCTS_DIR; };
		EB5CFA6C24704AB400FC155A /* PokedexTests.swift */ = {isa = PBXFileReference; lastKnownFileType = sourcecode.swift; path = PokedexTests.swift; sourceTree = "<group>"; };
		EB5CFA6E24704AB400FC155A /* Info.plist */ = {isa = PBXFileReference; lastKnownFileType = text.plist.xml; path = Info.plist; sourceTree = "<group>"; };
		EB5CFA7324704AB400FC155A /* PokedexUITests.xctest */ = {isa = PBXFileReference; explicitFileType = wrapper.cfbundle; includeInIndex = 0; path = PokedexUITests.xctest; sourceTree = BUILT_PRODUCTS_DIR; };
		EB5CFA7724704AB400FC155A /* PokedexUITests.swift */ = {isa = PBXFileReference; lastKnownFileType = sourcecode.swift; path = PokedexUITests.swift; sourceTree = "<group>"; };
		EB5CFA7924704AB400FC155A /* Info.plist */ = {isa = PBXFileReference; lastKnownFileType = text.plist.xml; path = Info.plist; sourceTree = "<group>"; };
		EB5CFA8824708CA700FC155A /* Pokedex.entitlements */ = {isa = PBXFileReference; lastKnownFileType = text.plist.entitlements; path = Pokedex.entitlements; sourceTree = "<group>"; };
		EB5CFA8A24708CD200FC155A /* NetworkExtension.framework */ = {isa = PBXFileReference; lastKnownFileType = wrapper.framework; name = NetworkExtension.framework; path = System/Library/Frameworks/NetworkExtension.framework; sourceTree = SDKROOT; };
		EBC4B5922472195C00A40298 /* NationalDex.json */ = {isa = PBXFileReference; fileEncoding = 4; lastKnownFileType = text.json; path = NationalDex.json; sourceTree = "<group>"; };
		EBC4B5962472211400A40298 /* Pokedex.json */ = {isa = PBXFileReference; fileEncoding = 4; lastKnownFileType = text.json; path = Pokedex.json; sourceTree = "<group>"; };
		EBEC67B62471C81B00958776 /* JSONStructs.swift */ = {isa = PBXFileReference; lastKnownFileType = sourcecode.swift; path = JSONStructs.swift; sourceTree = "<group>"; };
		EBEC67B82471C86200958776 /* PokedexView.swift */ = {isa = PBXFileReference; lastKnownFileType = sourcecode.swift; path = PokedexView.swift; sourceTree = "<group>"; };
		EBEC67BA2471C8AB00958776 /* MovesView.swift */ = {isa = PBXFileReference; lastKnownFileType = sourcecode.swift; path = MovesView.swift; sourceTree = "<group>"; };
		EBEC67BC2471C8DE00958776 /* ItemsView.swift */ = {isa = PBXFileReference; lastKnownFileType = sourcecode.swift; path = ItemsView.swift; sourceTree = "<group>"; };
		EBEC67BE2471C90800958776 /* TypesView.swift */ = {isa = PBXFileReference; lastKnownFileType = sourcecode.swift; path = TypesView.swift; sourceTree = "<group>"; };
		EBEC67C12471C94D00958776 /* SearchBar.swift */ = {isa = PBXFileReference; lastKnownFileType = sourcecode.swift; path = SearchBar.swift; sourceTree = "<group>"; };
		EBEC67C32471C97B00958776 /* AnyGestureRecognizer.swift */ = {isa = PBXFileReference; lastKnownFileType = sourcecode.swift; path = AnyGestureRecognizer.swift; sourceTree = "<group>"; };
		EBEC67C52471CAE200958776 /* APIrequests.swift */ = {isa = PBXFileReference; lastKnownFileType = sourcecode.swift; path = APIrequests.swift; sourceTree = "<group>"; };
		EBEC67C72471CB0500958776 /* WebView.swift */ = {isa = PBXFileReference; lastKnownFileType = sourcecode.swift; path = WebView.swift; sourceTree = "<group>"; };
/* End PBXFileReference section */

/* Begin PBXFrameworksBuildPhase section */
		EB5CFA4F24704AB300FC155A /* Frameworks */ = {
			isa = PBXFrameworksBuildPhase;
			buildActionMask = 2147483647;
			files = (
				EB5CFA87247055C800FC155A /* URLImage in Frameworks */,
				EB5CFA8B24708CD200FC155A /* NetworkExtension.framework in Frameworks */,
			);
			runOnlyForDeploymentPostprocessing = 0;
		};
		EB5CFA6524704AB400FC155A /* Frameworks */ = {
			isa = PBXFrameworksBuildPhase;
			buildActionMask = 2147483647;
			files = (
			);
			runOnlyForDeploymentPostprocessing = 0;
		};
		EB5CFA7024704AB400FC155A /* Frameworks */ = {
			isa = PBXFrameworksBuildPhase;
			buildActionMask = 2147483647;
			files = (
			);
			runOnlyForDeploymentPostprocessing = 0;
		};
/* End PBXFrameworksBuildPhase section */

/* Begin PBXGroup section */
		EB5CFA4924704AB300FC155A = {
			isa = PBXGroup;
			children = (
				EB5CFA5424704AB300FC155A /* Pokedex */,
				EB5CFA6B24704AB400FC155A /* PokedexTests */,
				EB5CFA7624704AB400FC155A /* PokedexUITests */,
				EB5CFA5324704AB300FC155A /* Products */,
				EB5CFA8924708CD200FC155A /* Frameworks */,
			);
			sourceTree = "<group>";
		};
		EB5CFA5324704AB300FC155A /* Products */ = {
			isa = PBXGroup;
			children = (
				EB5CFA5224704AB300FC155A /* Pokedex.app */,
				EB5CFA6824704AB400FC155A /* PokedexTests.xctest */,
				EB5CFA7324704AB400FC155A /* PokedexUITests.xctest */,
			);
			name = Products;
			sourceTree = "<group>";
		};
		EB5CFA5424704AB300FC155A /* Pokedex */ = {
			isa = PBXGroup;
			children = (
				EBC4B5962472211400A40298 /* Pokedex.json */,
				EBC4B5922472195C00A40298 /* NationalDex.json */,
				EBEC67C02471C93B00958776 /* Utilities */,
				EB5CFA8824708CA700FC155A /* Pokedex.entitlements */,
				EB5CFA5524704AB300FC155A /* AppDelegate.swift */,
				EB5CFA5724704AB300FC155A /* SceneDelegate.swift */,
				EB5CFA5924704AB300FC155A /* ContentView.swift */,
				EB5CFA5B24704AB400FC155A /* Assets.xcassets */,
				EB5CFA6024704AB400FC155A /* LaunchScreen.storyboard */,
				EB5CFA6324704AB400FC155A /* Info.plist */,
				EB5CFA5D24704AB400FC155A /* Preview Content */,
				EBEC67B62471C81B00958776 /* JSONStructs.swift */,
				EBEC67B82471C86200958776 /* PokedexView.swift */,
				EBEC67BA2471C8AB00958776 /* MovesView.swift */,
				EBEC67BC2471C8DE00958776 /* ItemsView.swift */,
				EBEC67BE2471C90800958776 /* TypesView.swift */,
				EBEC67C52471CAE200958776 /* APIrequests.swift */,
			);
			path = Pokedex;
			sourceTree = "<group>";
		};
		EB5CFA5D24704AB400FC155A /* Preview Content */ = {
			isa = PBXGroup;
			children = (
				EB5CFA5E24704AB400FC155A /* Preview Assets.xcassets */,
			);
			path = "Preview Content";
			sourceTree = "<group>";
		};
		EB5CFA6B24704AB400FC155A /* PokedexTests */ = {
			isa = PBXGroup;
			children = (
				EB5CFA6C24704AB400FC155A /* PokedexTests.swift */,
				EB5CFA6E24704AB400FC155A /* Info.plist */,
			);
			path = PokedexTests;
			sourceTree = "<group>";
		};
		EB5CFA7624704AB400FC155A /* PokedexUITests */ = {
			isa = PBXGroup;
			children = (
				EB5CFA7724704AB400FC155A /* PokedexUITests.swift */,
				EB5CFA7924704AB400FC155A /* Info.plist */,
			);
			path = PokedexUITests;
			sourceTree = "<group>";
		};
		EB5CFA8924708CD200FC155A /* Frameworks */ = {
			isa = PBXGroup;
			children = (
				EB5CFA8A24708CD200FC155A /* NetworkExtension.framework */,
			);
			name = Frameworks;
			sourceTree = "<group>";
		};
		EBEC67C02471C93B00958776 /* Utilities */ = {
			isa = PBXGroup;
			children = (
				EBEC67C12471C94D00958776 /* SearchBar.swift */,
				EBEC67C32471C97B00958776 /* AnyGestureRecognizer.swift */,
				EBEC67C72471CB0500958776 /* WebView.swift */,
			);
			path = Utilities;
			sourceTree = "<group>";
		};
/* End PBXGroup section */

/* Begin PBXNativeTarget section */
		EB5CFA5124704AB300FC155A /* Pokedex */ = {
			isa = PBXNativeTarget;
			buildConfigurationList = EB5CFA7C24704AB400FC155A /* Build configuration list for PBXNativeTarget "Pokedex" */;
			buildPhases = (
				EB5CFA4E24704AB300FC155A /* Sources */,
				EB5CFA4F24704AB300FC155A /* Frameworks */,
				EB5CFA5024704AB300FC155A /* Resources */,
			);
			buildRules = (
			);
			dependencies = (
			);
			name = Pokedex;
			packageProductDependencies = (
				EB5CFA86247055C800FC155A /* URLImage */,
			);
			productName = Pokedex;
			productReference = EB5CFA5224704AB300FC155A /* Pokedex.app */;
			productType = "com.apple.product-type.application";
		};
		EB5CFA6724704AB400FC155A /* PokedexTests */ = {
			isa = PBXNativeTarget;
			buildConfigurationList = EB5CFA7F24704AB400FC155A /* Build configuration list for PBXNativeTarget "PokedexTests" */;
			buildPhases = (
				EB5CFA6424704AB400FC155A /* Sources */,
				EB5CFA6524704AB400FC155A /* Frameworks */,
				EB5CFA6624704AB400FC155A /* Resources */,
			);
			buildRules = (
			);
			dependencies = (
				EB5CFA6A24704AB400FC155A /* PBXTargetDependency */,
			);
			name = PokedexTests;
			productName = PokedexTests;
			productReference = EB5CFA6824704AB400FC155A /* PokedexTests.xctest */;
			productType = "com.apple.product-type.bundle.unit-test";
		};
		EB5CFA7224704AB400FC155A /* PokedexUITests */ = {
			isa = PBXNativeTarget;
			buildConfigurationList = EB5CFA8224704AB400FC155A /* Build configuration list for PBXNativeTarget "PokedexUITests" */;
			buildPhases = (
				EB5CFA6F24704AB400FC155A /* Sources */,
				EB5CFA7024704AB400FC155A /* Frameworks */,
				EB5CFA7124704AB400FC155A /* Resources */,
			);
			buildRules = (
			);
			dependencies = (
				EB5CFA7524704AB400FC155A /* PBXTargetDependency */,
			);
			name = PokedexUITests;
			productName = PokedexUITests;
			productReference = EB5CFA7324704AB400FC155A /* PokedexUITests.xctest */;
			productType = "com.apple.product-type.bundle.ui-testing";
		};
/* End PBXNativeTarget section */

/* Begin PBXProject section */
		EB5CFA4A24704AB300FC155A /* Project object */ = {
			isa = PBXProject;
			attributes = {
				LastSwiftUpdateCheck = 1140;
				LastUpgradeCheck = 1140;
				ORGANIZATIONNAME = "Sammy Dentino";
				TargetAttributes = {
					EB5CFA5124704AB300FC155A = {
						CreatedOnToolsVersion = 11.4.1;
					};
					EB5CFA6724704AB400FC155A = {
						CreatedOnToolsVersion = 11.4.1;
						TestTargetID = EB5CFA5124704AB300FC155A;
					};
					EB5CFA7224704AB400FC155A = {
						CreatedOnToolsVersion = 11.4.1;
						TestTargetID = EB5CFA5124704AB300FC155A;
					};
				};
			};
			buildConfigurationList = EB5CFA4D24704AB300FC155A /* Build configuration list for PBXProject "Pokedex" */;
			compatibilityVersion = "Xcode 9.3";
			developmentRegion = en;
			hasScannedForEncodings = 0;
			knownRegions = (
				en,
				Base,
			);
			mainGroup = EB5CFA4924704AB300FC155A;
			packageReferences = (
				EB5CFA85247055C800FC155A /* XCRemoteSwiftPackageReference "url-image" */,
			);
			productRefGroup = EB5CFA5324704AB300FC155A /* Products */;
			projectDirPath = "";
			projectRoot = "";
			targets = (
				EB5CFA5124704AB300FC155A /* Pokedex */,
				EB5CFA6724704AB400FC155A /* PokedexTests */,
				EB5CFA7224704AB400FC155A /* PokedexUITests */,
			);
		};
/* End PBXProject section */

/* Begin PBXResourcesBuildPhase section */
		EB5CFA5024704AB300FC155A /* Resources */ = {
			isa = PBXResourcesBuildPhase;
			buildActionMask = 2147483647;
			files = (
				EB5CFA6224704AB400FC155A /* LaunchScreen.storyboard in Resources */,
				EB5CFA5F24704AB400FC155A /* Preview Assets.xcassets in Resources */,
				EBC4B5972472211400A40298 /* Pokedex.json in Resources */,
				EB5CFA5C24704AB400FC155A /* Assets.xcassets in Resources */,
				EBC4B5932472195C00A40298 /* NationalDex.json in Resources */,
			);
			runOnlyForDeploymentPostprocessing = 0;
		};
		EB5CFA6624704AB400FC155A /* Resources */ = {
			isa = PBXResourcesBuildPhase;
			buildActionMask = 2147483647;
			files = (
			);
			runOnlyForDeploymentPostprocessing = 0;
		};
		EB5CFA7124704AB400FC155A /* Resources */ = {
			isa = PBXResourcesBuildPhase;
			buildActionMask = 2147483647;
			files = (
			);
			runOnlyForDeploymentPostprocessing = 0;
		};
/* End PBXResourcesBuildPhase section */

/* Begin PBXSourcesBuildPhase section */
		EB5CFA4E24704AB300FC155A /* Sources */ = {
			isa = PBXSourcesBuildPhase;
			buildActionMask = 2147483647;
			files = (
				EB5CFA5624704AB300FC155A /* AppDelegate.swift in Sources */,
				EB5CFA5824704AB300FC155A /* SceneDelegate.swift in Sources */,
				EBEC67C42471C97B00958776 /* AnyGestureRecognizer.swift in Sources */,
				EBEC67BF2471C90800958776 /* TypesView.swift in Sources */,
				EBEC67BD2471C8DE00958776 /* ItemsView.swift in Sources */,
				EBEC67B92471C86200958776 /* PokedexView.swift in Sources */,
				EBEC67C62471CAE200958776 /* APIrequests.swift in Sources */,
				EBEC67C22471C94D00958776 /* SearchBar.swift in Sources */,
				EB5CFA5A24704AB300FC155A /* ContentView.swift in Sources */,
				EBEC67C82471CB0500958776 /* WebView.swift in Sources */,
				EBEC67B72471C81B00958776 /* JSONStructs.swift in Sources */,
				EBEC67BB2471C8AB00958776 /* MovesView.swift in Sources */,
			);
			runOnlyForDeploymentPostprocessing = 0;
		};
		EB5CFA6424704AB400FC155A /* Sources */ = {
			isa = PBXSourcesBuildPhase;
			buildActionMask = 2147483647;
			files = (
				EB5CFA6D24704AB400FC155A /* PokedexTests.swift in Sources */,
			);
			runOnlyForDeploymentPostprocessing = 0;
		};
		EB5CFA6F24704AB400FC155A /* Sources */ = {
			isa = PBXSourcesBuildPhase;
			buildActionMask = 2147483647;
			files = (
				EB5CFA7824704AB400FC155A /* PokedexUITests.swift in Sources */,
			);
			runOnlyForDeploymentPostprocessing = 0;
		};
/* End PBXSourcesBuildPhase section */

/* Begin PBXTargetDependency section */
		EB5CFA6A24704AB400FC155A /* PBXTargetDependency */ = {
			isa = PBXTargetDependency;
			target = EB5CFA5124704AB300FC155A /* Pokedex */;
			targetProxy = EB5CFA6924704AB400FC155A /* PBXContainerItemProxy */;
		};
		EB5CFA7524704AB400FC155A /* PBXTargetDependency */ = {
			isa = PBXTargetDependency;
			target = EB5CFA5124704AB300FC155A /* Pokedex */;
			targetProxy = EB5CFA7424704AB400FC155A /* PBXContainerItemProxy */;
		};
/* End PBXTargetDependency section */

/* Begin PBXVariantGroup section */
		EB5CFA6024704AB400FC155A /* LaunchScreen.storyboard */ = {
			isa = PBXVariantGroup;
			children = (
				EB5CFA6124704AB400FC155A /* Base */,
			);
			name = LaunchScreen.storyboard;
			sourceTree = "<group>";
		};
/* End PBXVariantGroup section */

/* Begin XCBuildConfiguration section */
		EB5CFA7A24704AB400FC155A /* Debug */ = {
			isa = XCBuildConfiguration;
			buildSettings = {
				ALWAYS_SEARCH_USER_PATHS = NO;
				CLANG_ANALYZER_NONNULL = YES;
				CLANG_ANALYZER_NUMBER_OBJECT_CONVERSION = YES_AGGRESSIVE;
				CLANG_CXX_LANGUAGE_STANDARD = "gnu++14";
				CLANG_CXX_LIBRARY = "libc++";
				CLANG_ENABLE_MODULES = YES;
				CLANG_ENABLE_OBJC_ARC = YES;
				CLANG_ENABLE_OBJC_WEAK = YES;
				CLANG_WARN_BLOCK_CAPTURE_AUTORELEASING = YES;
				CLANG_WARN_BOOL_CONVERSION = YES;
				CLANG_WARN_COMMA = YES;
				CLANG_WARN_CONSTANT_CONVERSION = YES;
				CLANG_WARN_DEPRECATED_OBJC_IMPLEMENTATIONS = YES;
				CLANG_WARN_DIRECT_OBJC_ISA_USAGE = YES_ERROR;
				CLANG_WARN_DOCUMENTATION_COMMENTS = YES;
				CLANG_WARN_EMPTY_BODY = YES;
				CLANG_WARN_ENUM_CONVERSION = YES;
				CLANG_WARN_INFINITE_RECURSION = YES;
				CLANG_WARN_INT_CONVERSION = YES;
				CLANG_WARN_NON_LITERAL_NULL_CONVERSION = YES;
				CLANG_WARN_OBJC_IMPLICIT_RETAIN_SELF = YES;
				CLANG_WARN_OBJC_LITERAL_CONVERSION = YES;
				CLANG_WARN_OBJC_ROOT_CLASS = YES_ERROR;
				CLANG_WARN_RANGE_LOOP_ANALYSIS = YES;
				CLANG_WARN_STRICT_PROTOTYPES = YES;
				CLANG_WARN_SUSPICIOUS_MOVE = YES;
				CLANG_WARN_UNGUARDED_AVAILABILITY = YES_AGGRESSIVE;
				CLANG_WARN_UNREACHABLE_CODE = YES;
				CLANG_WARN__DUPLICATE_METHOD_MATCH = YES;
				COPY_PHASE_STRIP = NO;
				DEBUG_INFORMATION_FORMAT = dwarf;
				ENABLE_STRICT_OBJC_MSGSEND = YES;
				ENABLE_TESTABILITY = YES;
				GCC_C_LANGUAGE_STANDARD = gnu11;
				GCC_DYNAMIC_NO_PIC = NO;
				GCC_NO_COMMON_BLOCKS = YES;
				GCC_OPTIMIZATION_LEVEL = 0;
				GCC_PREPROCESSOR_DEFINITIONS = (
					"DEBUG=1",
					"$(inherited)",
				);
				GCC_WARN_64_TO_32_BIT_CONVERSION = YES;
				GCC_WARN_ABOUT_RETURN_TYPE = YES_ERROR;
				GCC_WARN_UNDECLARED_SELECTOR = YES;
				GCC_WARN_UNINITIALIZED_AUTOS = YES_AGGRESSIVE;
				GCC_WARN_UNUSED_FUNCTION = YES;
				GCC_WARN_UNUSED_VARIABLE = YES;
				IPHONEOS_DEPLOYMENT_TARGET = 13.4;
				MTL_ENABLE_DEBUG_INFO = INCLUDE_SOURCE;
				MTL_FAST_MATH = YES;
				ONLY_ACTIVE_ARCH = YES;
				SDKROOT = iphoneos;
				SWIFT_ACTIVE_COMPILATION_CONDITIONS = DEBUG;
				SWIFT_OPTIMIZATION_LEVEL = "-Onone";
			};
			name = Debug;
		};
		EB5CFA7B24704AB400FC155A /* Release */ = {
			isa = XCBuildConfiguration;
			buildSettings = {
				ALWAYS_SEARCH_USER_PATHS = NO;
				CLANG_ANALYZER_NONNULL = YES;
				CLANG_ANALYZER_NUMBER_OBJECT_CONVERSION = YES_AGGRESSIVE;
				CLANG_CXX_LANGUAGE_STANDARD = "gnu++14";
				CLANG_CXX_LIBRARY = "libc++";
				CLANG_ENABLE_MODULES = YES;
				CLANG_ENABLE_OBJC_ARC = YES;
				CLANG_ENABLE_OBJC_WEAK = YES;
				CLANG_WARN_BLOCK_CAPTURE_AUTORELEASING = YES;
				CLANG_WARN_BOOL_CONVERSION = YES;
				CLANG_WARN_COMMA = YES;
				CLANG_WARN_CONSTANT_CONVERSION = YES;
				CLANG_WARN_DEPRECATED_OBJC_IMPLEMENTATIONS = YES;
				CLANG_WARN_DIRECT_OBJC_ISA_USAGE = YES_ERROR;
				CLANG_WARN_DOCUMENTATION_COMMENTS = YES;
				CLANG_WARN_EMPTY_BODY = YES;
				CLANG_WARN_ENUM_CONVERSION = YES;
				CLANG_WARN_INFINITE_RECURSION = YES;
				CLANG_WARN_INT_CONVERSION = YES;
				CLANG_WARN_NON_LITERAL_NULL_CONVERSION = YES;
				CLANG_WARN_OBJC_IMPLICIT_RETAIN_SELF = YES;
				CLANG_WARN_OBJC_LITERAL_CONVERSION = YES;
				CLANG_WARN_OBJC_ROOT_CLASS = YES_ERROR;
				CLANG_WARN_RANGE_LOOP_ANALYSIS = YES;
				CLANG_WARN_STRICT_PROTOTYPES = YES;
				CLANG_WARN_SUSPICIOUS_MOVE = YES;
				CLANG_WARN_UNGUARDED_AVAILABILITY = YES_AGGRESSIVE;
				CLANG_WARN_UNREACHABLE_CODE = YES;
				CLANG_WARN__DUPLICATE_METHOD_MATCH = YES;
				COPY_PHASE_STRIP = NO;
				DEBUG_INFORMATION_FORMAT = "dwarf-with-dsym";
				ENABLE_NS_ASSERTIONS = NO;
				ENABLE_STRICT_OBJC_MSGSEND = YES;
				GCC_C_LANGUAGE_STANDARD = gnu11;
				GCC_NO_COMMON_BLOCKS = YES;
				GCC_WARN_64_TO_32_BIT_CONVERSION = YES;
				GCC_WARN_ABOUT_RETURN_TYPE = YES_ERROR;
				GCC_WARN_UNDECLARED_SELECTOR = YES;
				GCC_WARN_UNINITIALIZED_AUTOS = YES_AGGRESSIVE;
				GCC_WARN_UNUSED_FUNCTION = YES;
				GCC_WARN_UNUSED_VARIABLE = YES;
				IPHONEOS_DEPLOYMENT_TARGET = 13.4;
				MTL_ENABLE_DEBUG_INFO = NO;
				MTL_FAST_MATH = YES;
				SDKROOT = iphoneos;
				SWIFT_COMPILATION_MODE = wholemodule;
				SWIFT_OPTIMIZATION_LEVEL = "-O";
				VALIDATE_PRODUCT = YES;
			};
			name = Release;
		};
		EB5CFA7D24704AB400FC155A /* Debug */ = {
			isa = XCBuildConfiguration;
			buildSettings = {
				ASSETCATALOG_COMPILER_APPICON_NAME = AppIcon;
				CODE_SIGN_ENTITLEMENTS = Pokedex/Pokedex.entitlements;
				CODE_SIGN_STYLE = Automatic;
				DEVELOPMENT_ASSET_PATHS = "\"Pokedex/Preview Content\"";
				DEVELOPMENT_TEAM = G9X97N3XGU;
				ENABLE_PREVIEWS = YES;
				INFOPLIST_FILE = Pokedex/Info.plist;
				IPHONEOS_DEPLOYMENT_TARGET = 13.0;
				LD_RUNPATH_SEARCH_PATHS = (
					"$(inherited)",
					"@executable_path/Frameworks",
				);
				PRODUCT_BUNDLE_IDENTIFIER = com.sammydentino.Pokedex;
				PRODUCT_NAME = "$(TARGET_NAME)";
				SWIFT_VERSION = 5.0;
				TARGETED_DEVICE_FAMILY = "1,2";
			};
			name = Debug;
		};
		EB5CFA7E24704AB400FC155A /* Release */ = {
			isa = XCBuildConfiguration;
			buildSettings = {
				ASSETCATALOG_COMPILER_APPICON_NAME = AppIcon;
				CODE_SIGN_ENTITLEMENTS = Pokedex/Pokedex.entitlements;
				CODE_SIGN_STYLE = Automatic;
				DEVELOPMENT_ASSET_PATHS = "\"Pokedex/Preview Content\"";
				DEVELOPMENT_TEAM = G9X97N3XGU;
				ENABLE_PREVIEWS = YES;
				INFOPLIST_FILE = Pokedex/Info.plist;
				IPHONEOS_DEPLOYMENT_TARGET = 13.0;
				LD_RUNPATH_SEARCH_PATHS = (
					"$(inherited)",
					"@executable_path/Frameworks",
				);
				PRODUCT_BUNDLE_IDENTIFIER = com.sammydentino.Pokedex;
				PRODUCT_NAME = "$(TARGET_NAME)";
				SWIFT_VERSION = 5.0;
				TARGETED_DEVICE_FAMILY = "1,2";
			};
			name = Release;
		};
		EB5CFA8024704AB400FC155A /* Debug */ = {
			isa = XCBuildConfiguration;
			buildSettings = {
				ALWAYS_EMBED_SWIFT_STANDARD_LIBRARIES = YES;
				BUNDLE_LOADER = "$(TEST_HOST)";
				CODE_SIGN_STYLE = Automatic;
				DEVELOPMENT_TEAM = G9X97N3XGU;
				INFOPLIST_FILE = PokedexTests/Info.plist;
				IPHONEOS_DEPLOYMENT_TARGET = 13.4;
				LD_RUNPATH_SEARCH_PATHS = (
					"$(inherited)",
					"@executable_path/Frameworks",
					"@loader_path/Frameworks",
				);
				PRODUCT_BUNDLE_IDENTIFIER = com.sammydentino.PokedexTests;
				PRODUCT_NAME = "$(TARGET_NAME)";
				SWIFT_VERSION = 5.0;
				TARGETED_DEVICE_FAMILY = "1,2";
				TEST_HOST = "$(BUILT_PRODUCTS_DIR)/Pokedex.app/Pokedex";
			};
			name = Debug;
		};
		EB5CFA8124704AB400FC155A /* Release */ = {
			isa = XCBuildConfiguration;
			buildSettings = {
				ALWAYS_EMBED_SWIFT_STANDARD_LIBRARIES = YES;
				BUNDLE_LOADER = "$(TEST_HOST)";
				CODE_SIGN_STYLE = Automatic;
				DEVELOPMENT_TEAM = G9X97N3XGU;
				INFOPLIST_FILE = PokedexTests/Info.plist;
				IPHONEOS_DEPLOYMENT_TARGET = 13.4;
				LD_RUNPATH_SEARCH_PATHS = (
					"$(inherited)",
					"@executable_path/Frameworks",
					"@loader_path/Frameworks",
				);
				PRODUCT_BUNDLE_IDENTIFIER = com.sammydentino.PokedexTests;
				PRODUCT_NAME = "$(TARGET_NAME)";
				SWIFT_VERSION = 5.0;
				TARGETED_DEVICE_FAMILY = "1,2";
				TEST_HOST = "$(BUILT_PRODUCTS_DIR)/Pokedex.app/Pokedex";
			};
			name = Release;
		};
		EB5CFA8324704AB400FC155A /* Debug */ = {
			isa = XCBuildConfiguration;
			buildSettings = {
				ALWAYS_EMBED_SWIFT_STANDARD_LIBRARIES = YES;
				CODE_SIGN_STYLE = Automatic;
				DEVELOPMENT_TEAM = G9X97N3XGU;
				INFOPLIST_FILE = PokedexUITests/Info.plist;
				LD_RUNPATH_SEARCH_PATHS = (
					"$(inherited)",
					"@executable_path/Frameworks",
					"@loader_path/Frameworks",
				);
				PRODUCT_BUNDLE_IDENTIFIER = com.sammydentino.PokedexUITests;
				PRODUCT_NAME = "$(TARGET_NAME)";
				SWIFT_VERSION = 5.0;
				TARGETED_DEVICE_FAMILY = "1,2";
				TEST_TARGET_NAME = Pokedex;
			};
			name = Debug;
		};
		EB5CFA8424704AB400FC155A /* Release */ = {
			isa = XCBuildConfiguration;
			buildSettings = {
				ALWAYS_EMBED_SWIFT_STANDARD_LIBRARIES = YES;
				CODE_SIGN_STYLE = Automatic;
				DEVELOPMENT_TEAM = G9X97N3XGU;
				INFOPLIST_FILE = PokedexUITests/Info.plist;
				LD_RUNPATH_SEARCH_PATHS = (
					"$(inherited)",
					"@executable_path/Frameworks",
					"@loader_path/Frameworks",
				);
				PRODUCT_BUNDLE_IDENTIFIER = com.sammydentino.PokedexUITests;
				PRODUCT_NAME = "$(TARGET_NAME)";
				SWIFT_VERSION = 5.0;
				TARGETED_DEVICE_FAMILY = "1,2";
				TEST_TARGET_NAME = Pokedex;
			};
			name = Release;
		};
/* End XCBuildConfiguration section */

/* Begin XCConfigurationList section */
		EB5CFA4D24704AB300FC155A /* Build configuration list for PBXProject "Pokedex" */ = {
			isa = XCConfigurationList;
			buildConfigurations = (
				EB5CFA7A24704AB400FC155A /* Debug */,
				EB5CFA7B24704AB400FC155A /* Release */,
			);
			defaultConfigurationIsVisible = 0;
			defaultConfigurationName = Release;
		};
		EB5CFA7C24704AB400FC155A /* Build configuration list for PBXNativeTarget "Pokedex" */ = {
			isa = XCConfigurationList;
			buildConfigurations = (
				EB5CFA7D24704AB400FC155A /* Debug */,
				EB5CFA7E24704AB400FC155A /* Release */,
			);
			defaultConfigurationIsVisible = 0;
			defaultConfigurationName = Release;
		};
		EB5CFA7F24704AB400FC155A /* Build configuration list for PBXNativeTarget "PokedexTests" */ = {
			isa = XCConfigurationList;
			buildConfigurations = (
				EB5CFA8024704AB400FC155A /* Debug */,
				EB5CFA8124704AB400FC155A /* Release */,
			);
			defaultConfigurationIsVisible = 0;
			defaultConfigurationName = Release;
		};
		EB5CFA8224704AB400FC155A /* Build configuration list for PBXNativeTarget "PokedexUITests" */ = {
			isa = XCConfigurationList;
			buildConfigurations = (
				EB5CFA8324704AB400FC155A /* Debug */,
				EB5CFA8424704AB400FC155A /* Release */,
			);
			defaultConfigurationIsVisible = 0;
			defaultConfigurationName = Release;
		};
/* End XCConfigurationList section */

/* Begin XCRemoteSwiftPackageReference section */
		EB5CFA85247055C800FC155A /* XCRemoteSwiftPackageReference "url-image" */ = {
			isa = XCRemoteSwiftPackageReference;
			repositoryURL = "https://github.com/dmytro-anokhin/url-image.git";
			requirement = {
				branch = master;
				kind = branch;
			};
		};
/* End XCRemoteSwiftPackageReference section */

/* Begin XCSwiftPackageProductDependency section */
		EB5CFA86247055C800FC155A /* URLImage */ = {
			isa = XCSwiftPackageProductDependency;
			package = EB5CFA85247055C800FC155A /* XCRemoteSwiftPackageReference "url-image" */;
			productName = URLImage;
		};
/* End XCSwiftPackageProductDependency section */
	};
	rootObject = EB5CFA4A24704AB300FC155A /* Project object */;
}
